
Microsoft Visual Studio Solution File, Format Version 12.00
# Visual Studio Version 17
VisualStudioVersion = 17.1.32421.90
MinimumVisualStudioVersion = 10.0.40219.1
Project("{2150E333-8FDC-42A3-9474-1A3956D46DE8}") = "Gateway", "Gateway", "{44502D52-80A1-474D-8FA1-79D3B0692FC0}"
EndProject
Project("{2150E333-8FDC-42A3-9474-1A3956D46DE8}") = "Order", "Order", "{FD62EEBE-46D6-4F0E-8592-A4C357F63BD2}"
EndProject
Project("{2150E333-8FDC-42A3-9474-1A3956D46DE8}") = "Shipment", "Shipment", "{BD9CFCFB-E175-418B-974C-727512DDB969}"
EndProject
Project("{2150E333-8FDC-42A3-9474-1A3956D46DE8}") = "Delivery", "Delivery", "{3BD1931D-8682-4220-B552-6B10B4B926B8}"
EndProject
Project("{2150E333-8FDC-42A3-9474-1A3956D46DE8}") = "Core", "Core", "{20536872-46F0-4B29-9D33-50C675978FEA}"
EndProject
Project("{FAE04EC0-301F-11D3-BF4B-00C04F79EFBC}") = "Core.Domain", "src\Core\Core.Domain\Core.Domain.csproj", "{467B69B0-9482-469D-A7FA-64697792FD91}"
EndProject
Project("{FAE04EC0-301F-11D3-BF4B-00C04F79EFBC}") = "Core.Application", "src\Core\Core.Application\Core.Application.csproj", "{C4FDF3DF-E587-4C0C-8D11-C82DC7AFE3E9}"
EndProject
Global
	GlobalSection(SolutionConfigurationPlatforms) = preSolution
		Debug|Any CPU = Debug|Any CPU
		Release|Any CPU = Release|Any CPU
	EndGlobalSection
	GlobalSection(ProjectConfigurationPlatforms) = postSolution
		{467B69B0-9482-469D-A7FA-64697792FD91}.Debug|Any CPU.ActiveCfg = Debug|Any CPU
		{467B69B0-9482-469D-A7FA-64697792FD91}.Debug|Any CPU.Build.0 = Debug|Any CPU
		{467B69B0-9482-469D-A7FA-64697792FD91}.Release|Any CPU.ActiveCfg = Release|Any CPU
		{467B69B0-9482-469D-A7FA-64697792FD91}.Release|Any CPU.Build.0 = Release|Any CPU
		{C4FDF3DF-E587-4C0C-8D11-C82DC7AFE3E9}.Debug|Any CPU.ActiveCfg = Debug|Any CPU
		{C4FDF3DF-E587-4C0C-8D11-C82DC7AFE3E9}.Debug|Any CPU.Build.0 = Debug|Any CPU
		{C4FDF3DF-E587-4C0C-8D11-C82DC7AFE3E9}.Release|Any CPU.ActiveCfg = Release|Any CPU
		{C4FDF3DF-E587-4C0C-8D11-C82DC7AFE3E9}.Release|Any CPU.Build.0 = Release|Any CPU
	EndGlobalSection
	GlobalSection(SolutionProperties) = preSolution
		HideSolutionNode = FALSE
	EndGlobalSection
	GlobalSection(NestedProjects) = preSolution
		{467B69B0-9482-469D-A7FA-64697792FD91} = {20536872-46F0-4B29-9D33-50C675978FEA}
		{C4FDF3DF-E587-4C0C-8D11-C82DC7AFE3E9} = {20536872-46F0-4B29-9D33-50C675978FEA}
	EndGlobalSection
	GlobalSection(ExtensibilityGlobals) = postSolution
		SolutionGuid = {B7A97444-E857-443B-AF2E-1BC3AAE4D6BA}
	EndGlobalSection
EndGlobal
