
Microsoft Visual Studio Solution File, Format Version 12.00
# Visual Studio Version 17
VisualStudioVersion = 17.1.32421.90
MinimumVisualStudioVersion = 10.0.40219.1
Project("{2150E333-8FDC-42A3-9474-1A3956D46DE8}") = "Gateway", "Gateway", "{44502D52-80A1-474D-8FA1-79D3B0692FC0}"
EndProject
Project("{2150E333-8FDC-42A3-9474-1A3956D46DE8}") = "Order", "Order", "{FD62EEBE-46D6-4F0E-8592-A4C357F63BD2}"
EndProject
Project("{2150E333-8FDC-42A3-9474-1A3956D46DE8}") = "Route", "Route", "{BD9CFCFB-E175-418B-974C-727512DDB969}"
EndProject
Project("{2150E333-8FDC-42A3-9474-1A3956D46DE8}") = "Delivery", "Delivery", "{3BD1931D-8682-4220-B552-6B10B4B926B8}"
EndProject
Project("{2150E333-8FDC-42A3-9474-1A3956D46DE8}") = "Core", "Core", "{20536872-46F0-4B29-9D33-50C675978FEA}"
EndProject
Project("{9A19103F-16F7-4668-BE54-9A1E7A4F7556}") = "Core.Domain", "src\Core\Core.Domain\Core.Domain.csproj", "{467B69B0-9482-469D-A7FA-64697792FD91}"
EndProject
Project("{9A19103F-16F7-4668-BE54-9A1E7A4F7556}") = "Core.Application", "src\Core\Core.Application\Core.Application.csproj", "{C4FDF3DF-E587-4C0C-8D11-C82DC7AFE3E9}"
EndProject
Project("{2150E333-8FDC-42A3-9474-1A3956D46DE8}") = "Payment", "Payment", "{6579A165-739E-4D66-9BC4-70947D56C333}"
EndProject
Project("{2150E333-8FDC-42A3-9474-1A3956D46DE8}") = "src", "src", "{8E2EA79A-4CE2-4E5F-8A38-5497905AAAB5}"
EndProject
Project("{9A19103F-16F7-4668-BE54-9A1E7A4F7556}") = "Order.API", "src\Order\Order.API\Order.API.csproj", "{D223E623-C353-412D-9AF3-E12389EAF64B}"
EndProject
Project("{9A19103F-16F7-4668-BE54-9A1E7A4F7556}") = "Order.Application", "src\Order\Order.Application\Order.Application.csproj", "{E4CFED05-DC44-4738-B3B2-CB07A6C9BFC2}"
EndProject
Project("{9A19103F-16F7-4668-BE54-9A1E7A4F7556}") = "Order.Domain", "src\Order\Order.Domain\Order.Domain.csproj", "{6B164D74-FF0D-4B0E-911E-CC28E0C4BABF}"
EndProject
Project("{9A19103F-16F7-4668-BE54-9A1E7A4F7556}") = "Order.Infrastructure", "src\Order\Order.Infrastructure\Order.Infrastructure.csproj", "{A7EE8BC6-963E-442A-87A4-AFCF51102CFF}"
EndProject
Project("{2150E333-8FDC-42A3-9474-1A3956D46DE8}") = "Services", "Services", "{5249378F-13DA-4AB7-81D1-42FE90AE558E}"
EndProject
Project("{2150E333-8FDC-42A3-9474-1A3956D46DE8}") = "Cargo", "Cargo", "{4A9520A2-217B-4F2C-BAAB-D496BC448759}"
EndProject
Project("{9A19103F-16F7-4668-BE54-9A1E7A4F7556}") = "Cargo.Domain", "src\Services\Cargo\Cargo.Domain\Cargo.Domain.csproj", "{DFEC623C-EB45-4ECB-B668-57E79AD8CD3B}"
EndProject
Project("{9A19103F-16F7-4668-BE54-9A1E7A4F7556}") = "Cargo.Infrastructure", "src\Services\Cargo\Cargo.Infrastructure\Cargo.Infrastructure.csproj", "{10AC3601-9A98-46CA-8B0E-90731583149D}"
EndProject
Project("{9A19103F-16F7-4668-BE54-9A1E7A4F7556}") = "Cargo.Application", "src\Services\Cargo\Cargo.Application\Cargo.Application.csproj", "{A3A1DD1B-FAA6-45D5-AF5A-01F6CA17488C}"
EndProject
Project("{2150E333-8FDC-42A3-9474-1A3956D46DE8}") = "Identity", "Identity", "{B09DCD95-4D82-4906-A542-A6D744D09FB9}"
EndProject
Project("{2150E333-8FDC-42A3-9474-1A3956D46DE8}") = "Saga", "Saga", "{07142A57-8BAE-4F84-A757-789CA03FD061}"
EndProject
Project("{9A19103F-16F7-4668-BE54-9A1E7A4F7556}") = "Saga.Service", "src\Services\Saga\Saga.Service\Saga.Service.csproj", "{6B6B06EB-8226-4198-8FC7-F1E0FA7E1718}"
EndProject
Project("{9A19103F-16F7-4668-BE54-9A1E7A4F7556}") = "Cargo.Service", "src\Services\Cargo\Cargo.Service\Cargo.Service.csproj", "{B45E0F23-1EB0-43D4-9B58-59B18697430E}"
EndProject
Project("{9A19103F-16F7-4668-BE54-9A1E7A4F7556}") = "Saga.Domain", "src\Services\Saga\Saga.Domain\Saga.Domain.csproj", "{CF93A3EB-5FE3-4EE2-A057-D6DC29BCA68C}"
EndProject
Project("{9A19103F-16F7-4668-BE54-9A1E7A4F7556}") = "Saga.Application", "src\Services\Saga\Saga.Application\Saga.Application.csproj", "{F0D95B40-7DD5-4F43-89D3-A7C2B8FA4B57}"
EndProject
Project("{9A19103F-16F7-4668-BE54-9A1E7A4F7556}") = "Saga.Infrastructure", "src\Services\Saga\Saga.Infrastructure\Saga.Infrastructure.csproj", "{31F15817-1DE7-4B13-A39D-55C95C8DDFCF}"
EndProject
Project("{9A19103F-16F7-4668-BE54-9A1E7A4F7556}") = "Route.Service", "src\Services\Route\Route.Service\Route.Service.csproj", "{ECB09677-FB73-44DF-BAF5-11B4768ABAC8}"
EndProject
Project("{9A19103F-16F7-4668-BE54-9A1E7A4F7556}") = "Route.Domain", "src\Services\Route\Route.Domain\Route.Domain.csproj", "{57413CE9-B8BC-4753-8B99-F758D8EA2C4C}"
EndProject
Project("{9A19103F-16F7-4668-BE54-9A1E7A4F7556}") = "Route.Application", "src\Services\Route\Route.Application\Route.Application.csproj", "{F5292BA3-522D-475C-A6E7-90CD829B0DB6}"
EndProject
Project("{9A19103F-16F7-4668-BE54-9A1E7A4F7556}") = "Route.Infrastructure", "src\Services\Route\Route.Infrastructure\Route.Infrastructure.csproj", "{95A9D188-9FDA-4DF5-9439-8584CB41886F}"
EndProject
Project("{9A19103F-16F7-4668-BE54-9A1E7A4F7556}") = "Delivery.Service", "src\Services\Delivery\Delivery.Service\Delivery.Service.csproj", "{EB32953E-9BE4-42F8-804F-9B2FFAD83748}"
EndProject
Project("{9A19103F-16F7-4668-BE54-9A1E7A4F7556}") = "Delivery.Domain", "src\Services\Delivery\Delivery.Domain\Delivery.Domain.csproj", "{FBE9D678-9AC4-465A-84EE-8A84521D8469}"
EndProject
Project("{9A19103F-16F7-4668-BE54-9A1E7A4F7556}") = "Delivery.Application", "src\Services\Delivery\Delivery.Application\Delivery.Application.csproj", "{2847206F-D859-44C8-A725-BD2DD1FCB133}"
EndProject
Project("{9A19103F-16F7-4668-BE54-9A1E7A4F7556}") = "Delivery.Infrastructure", "src\Services\Delivery\Delivery.Infrastructure\Delivery.Infrastructure.csproj", "{E85E0B66-6577-4120-B33D-4D4A0E775C8B}"
EndProject
Project("{9A19103F-16F7-4668-BE54-9A1E7A4F7556}") = "Payment.Service", "src\Services\Payment\Payment.Service\Payment.Service.csproj", "{20493C66-1A81-46D7-AA6A-7934C62F3597}"
EndProject
Project("{9A19103F-16F7-4668-BE54-9A1E7A4F7556}") = "Payment.Domain", "src\Services\Payment\Payment.Domain\Payment.Domain.csproj", "{14A75F18-1510-4A84-8561-30CC1ADB30DF}"
EndProject
Project("{9A19103F-16F7-4668-BE54-9A1E7A4F7556}") = "Payment.Application", "src\Services\Payment\Payment.Application\Payment.Application.csproj", "{C0C1C096-F237-44A1-BA22-96398E2D872A}"
EndProject
Project("{9A19103F-16F7-4668-BE54-9A1E7A4F7556}") = "Payment.Infrastructure", "src\Services\Payment\Payment.Infrastructure\Payment.Infrastructure.csproj", "{1C68F6D6-01B7-4959-A1FB-23674C3D4992}"
EndProject
Project("{9A19103F-16F7-4668-BE54-9A1E7A4F7556}") = "Core.Infrastructure", "src\Core\Core.Infrastructure\Core.Infrastructure.csproj", "{BCCED789-2088-468C-91F5-AB46261BFFD6}"
EndProject
Project("{2150E333-8FDC-42A3-9474-1A3956D46DE8}") = "Solution Items", "Solution Items", "{F553AEF6-C67F-4AC7-BC54-4F207CC9D49F}"
	ProjectSection(SolutionItems) = preProject
		.editorconfig = .editorconfig
		Content.txt = Content.txt
		docker-compose.yml = docker-compose.yml
	EndProjectSection
EndProject
Project("{2150E333-8FDC-42A3-9474-1A3956D46DE8}") = "Mongo", "Mongo", "{4B8C8968-C97F-4A15-87D1-557F4225929F}"
EndProject
Project("{9A19103F-16F7-4668-BE54-9A1E7A4F7556}") = "NoSQLMongo.Domain", "src\NoSQLs\NoSQLMongo\NoSQLMongo.Domain\NoSQLMongo.Domain.csproj", "{8C86FF8C-92F5-4991-889D-A5FDEDAEEA54}"
EndProject
Project("{9A19103F-16F7-4668-BE54-9A1E7A4F7556}") = "NoSQLMongo.Infrastructure", "src\NoSQLs\NoSQLMongo\NoSQLMongo.Infrastructure\NoSQLMongo.Infrastructure.csproj", "{4074148C-1032-42A9-9530-837A041D4B62}"
EndProject
Project("{9A19103F-16F7-4668-BE54-9A1E7A4F7556}") = "NoSQLMongo.Application", "src\NoSQLs\NoSQLMongo\NoSQLMongo.Application\NoSQLMongo.Application.csproj", "{4DD31FEF-30C3-4401-916C-BC5455A57F68}"
EndProject
Project("{9A19103F-16F7-4668-BE54-9A1E7A4F7556}") = "Core.Protos", "src\Core\Core.Protos\Core.Protos.csproj", "{2CBACAF9-8D23-411A-A8A3-78B57A3B5B00}"
EndProject
Project("{9A19103F-16F7-4668-BE54-9A1E7A4F7556}") = "Cargo.GRPC.Server", "src\Services\Cargo\Cargo.API\Cargo.GRPC\Cargo.GRPC.Server.csproj", "{AE3AAF1F-9D58-4E48-A355-5B28328229B2}"
EndProject
Project("{9A19103F-16F7-4668-BE54-9A1E7A4F7556}") = "Route.GRPC.Client", "src\Services\Route\Route.GRPC.Client\Route.GRPC.Client.csproj", "{28E6DDB0-6432-4487-B436-FA54E7CD6BE8}"
EndProject
Project("{9A19103F-16F7-4668-BE54-9A1E7A4F7556}") = "Route.GRPC.Server", "src\Services\Route\Route.GRPC.Server\Route.GRPC.Server.csproj", "{05E80786-3112-4992-A192-403899E289B7}"
EndProject
Project("{9A19103F-16F7-4668-BE54-9A1E7A4F7556}") = "Delivery.GRPC.Server", "src\Services\Delivery\Delivery.GRPC.Server\Delivery.GRPC.Server.csproj", "{2AB7B1BD-EE46-48EA-8D8E-3EE74D013B99}"
EndProject
Project("{9A19103F-16F7-4668-BE54-9A1E7A4F7556}") = "Delivery.GRPC.Client", "src\Services\Delivery\Delivery.GRPC.Client\Delivery.GRPC.Client.csproj", "{00EA38B0-5B4D-4B7E-8A27-462678CA2B73}"
EndProject
Project("{9A19103F-16F7-4668-BE54-9A1E7A4F7556}") = "Payment.GRPC.Client", "src\Services\Payment\Payment.GRPC.Client\Payment.GRPC.Client.csproj", "{D3DAF335-D898-48E5-81F2-8CF501ECBB48}"
EndProject
Project("{2150E333-8FDC-42A3-9474-1A3956D46DE8}") = "Monitoring", "Monitoring", "{D5C74DA3-1D80-47D9-9A74-ADE67F3687E1}"
EndProject
Project("{9A19103F-16F7-4668-BE54-9A1E7A4F7556}") = "Monitoring.Service", "src\Services\Monitoring\Monitoring.Service\Monitoring.Service.csproj", "{986075A8-2ED4-4BC3-BADA-51ECE2525CDC}"
EndProject
Project("{9A19103F-16F7-4668-BE54-9A1E7A4F7556}") = "Monitoring.Infrastructure", "src\Services\Monitoring\Monitoring.Infrastructure\Monitoring.Infrastructure.csproj", "{3729AC22-B8EC-4434-B29B-1E9D31B4F382}"
EndProject
Project("{2150E333-8FDC-42A3-9474-1A3956D46DE8}") = "Notification", "Notification", "{C8172C79-33F6-46B7-9422-CC394D25C38B}"
EndProject
Project("{FAE04EC0-301F-11D3-BF4B-00C04F79EFBC}") = "Notification.Service", "src\Services\Notification\Notification.Service\Notification.Service.csproj", "{99BB42A7-A7D2-4CDD-92A0-D56273679D39}"
EndProject
Project("{FAE04EC0-301F-11D3-BF4B-00C04F79EFBC}") = "Notification.Domain", "src\Services\Notification\Notification.Domain\Notification.Domain.csproj", "{6FE0B1C3-2424-4B4C-9760-DF081A58EF7C}"
EndProject
Project("{FAE04EC0-301F-11D3-BF4B-00C04F79EFBC}") = "Notification.Application", "src\Services\Notification\Notification.Application\Notification.Application.csproj", "{407C82D5-CA69-4B13-8766-BD6D70814CD2}"
EndProject
Project("{FAE04EC0-301F-11D3-BF4B-00C04F79EFBC}") = "Notification.Infrastructure", "src\Services\Notification\Notification.Infrastructure\Notification.Infrastructure.csproj", "{4D58559A-3480-43A6-86C2-8A464618041F}"
EndProject
Project("{FAE04EC0-301F-11D3-BF4B-00C04F79EFBC}") = "Core.Application.Common", "src\Core\Core.Application.Common\Core.Application.Common.csproj", "{CA444FE0-89A2-489E-B835-5AE24E3D2F15}"
EndProject
Project("{2150E333-8FDC-42A3-9474-1A3956D46DE8}") = "Shipment", "Shipment", "{EB9A3BD8-02A2-423C-BA40-346AE7BEC539}"
EndProject
Project("{FAE04EC0-301F-11D3-BF4B-00C04F79EFBC}") = "Shipment.Service", "src\Services\Shipment\Shipment.Service\Shipment.Service.csproj", "{A2D2AFC2-591E-4CB0-A210-1C346342094F}"
EndProject
Global
	GlobalSection(SolutionConfigurationPlatforms) = preSolution
		Debug|Any CPU = Debug|Any CPU
		Release|Any CPU = Release|Any CPU
	EndGlobalSection
	GlobalSection(ProjectConfigurationPlatforms) = postSolution
		{467B69B0-9482-469D-A7FA-64697792FD91}.Debug|Any CPU.ActiveCfg = Debug|Any CPU
		{467B69B0-9482-469D-A7FA-64697792FD91}.Debug|Any CPU.Build.0 = Debug|Any CPU
		{467B69B0-9482-469D-A7FA-64697792FD91}.Release|Any CPU.ActiveCfg = Release|Any CPU
		{467B69B0-9482-469D-A7FA-64697792FD91}.Release|Any CPU.Build.0 = Release|Any CPU
		{C4FDF3DF-E587-4C0C-8D11-C82DC7AFE3E9}.Debug|Any CPU.ActiveCfg = Debug|Any CPU
		{C4FDF3DF-E587-4C0C-8D11-C82DC7AFE3E9}.Debug|Any CPU.Build.0 = Debug|Any CPU
		{C4FDF3DF-E587-4C0C-8D11-C82DC7AFE3E9}.Release|Any CPU.ActiveCfg = Release|Any CPU
		{C4FDF3DF-E587-4C0C-8D11-C82DC7AFE3E9}.Release|Any CPU.Build.0 = Release|Any CPU
		{D223E623-C353-412D-9AF3-E12389EAF64B}.Debug|Any CPU.ActiveCfg = Debug|Any CPU
		{D223E623-C353-412D-9AF3-E12389EAF64B}.Debug|Any CPU.Build.0 = Debug|Any CPU
		{D223E623-C353-412D-9AF3-E12389EAF64B}.Release|Any CPU.ActiveCfg = Release|Any CPU
		{D223E623-C353-412D-9AF3-E12389EAF64B}.Release|Any CPU.Build.0 = Release|Any CPU
		{E4CFED05-DC44-4738-B3B2-CB07A6C9BFC2}.Debug|Any CPU.ActiveCfg = Debug|Any CPU
		{E4CFED05-DC44-4738-B3B2-CB07A6C9BFC2}.Debug|Any CPU.Build.0 = Debug|Any CPU
		{E4CFED05-DC44-4738-B3B2-CB07A6C9BFC2}.Release|Any CPU.ActiveCfg = Release|Any CPU
		{E4CFED05-DC44-4738-B3B2-CB07A6C9BFC2}.Release|Any CPU.Build.0 = Release|Any CPU
		{6B164D74-FF0D-4B0E-911E-CC28E0C4BABF}.Debug|Any CPU.ActiveCfg = Debug|Any CPU
		{6B164D74-FF0D-4B0E-911E-CC28E0C4BABF}.Debug|Any CPU.Build.0 = Debug|Any CPU
		{6B164D74-FF0D-4B0E-911E-CC28E0C4BABF}.Release|Any CPU.ActiveCfg = Release|Any CPU
		{6B164D74-FF0D-4B0E-911E-CC28E0C4BABF}.Release|Any CPU.Build.0 = Release|Any CPU
		{A7EE8BC6-963E-442A-87A4-AFCF51102CFF}.Debug|Any CPU.ActiveCfg = Debug|Any CPU
		{A7EE8BC6-963E-442A-87A4-AFCF51102CFF}.Debug|Any CPU.Build.0 = Debug|Any CPU
		{A7EE8BC6-963E-442A-87A4-AFCF51102CFF}.Release|Any CPU.ActiveCfg = Release|Any CPU
		{A7EE8BC6-963E-442A-87A4-AFCF51102CFF}.Release|Any CPU.Build.0 = Release|Any CPU
		{DFEC623C-EB45-4ECB-B668-57E79AD8CD3B}.Debug|Any CPU.ActiveCfg = Debug|Any CPU
		{DFEC623C-EB45-4ECB-B668-57E79AD8CD3B}.Debug|Any CPU.Build.0 = Debug|Any CPU
		{DFEC623C-EB45-4ECB-B668-57E79AD8CD3B}.Release|Any CPU.ActiveCfg = Release|Any CPU
		{DFEC623C-EB45-4ECB-B668-57E79AD8CD3B}.Release|Any CPU.Build.0 = Release|Any CPU
		{10AC3601-9A98-46CA-8B0E-90731583149D}.Debug|Any CPU.ActiveCfg = Debug|Any CPU
		{10AC3601-9A98-46CA-8B0E-90731583149D}.Debug|Any CPU.Build.0 = Debug|Any CPU
		{10AC3601-9A98-46CA-8B0E-90731583149D}.Release|Any CPU.ActiveCfg = Release|Any CPU
		{10AC3601-9A98-46CA-8B0E-90731583149D}.Release|Any CPU.Build.0 = Release|Any CPU
		{A3A1DD1B-FAA6-45D5-AF5A-01F6CA17488C}.Debug|Any CPU.ActiveCfg = Debug|Any CPU
		{A3A1DD1B-FAA6-45D5-AF5A-01F6CA17488C}.Debug|Any CPU.Build.0 = Debug|Any CPU
		{A3A1DD1B-FAA6-45D5-AF5A-01F6CA17488C}.Release|Any CPU.ActiveCfg = Release|Any CPU
		{A3A1DD1B-FAA6-45D5-AF5A-01F6CA17488C}.Release|Any CPU.Build.0 = Release|Any CPU
		{6B6B06EB-8226-4198-8FC7-F1E0FA7E1718}.Debug|Any CPU.ActiveCfg = Debug|Any CPU
		{6B6B06EB-8226-4198-8FC7-F1E0FA7E1718}.Debug|Any CPU.Build.0 = Debug|Any CPU
		{6B6B06EB-8226-4198-8FC7-F1E0FA7E1718}.Release|Any CPU.ActiveCfg = Release|Any CPU
		{6B6B06EB-8226-4198-8FC7-F1E0FA7E1718}.Release|Any CPU.Build.0 = Release|Any CPU
		{B45E0F23-1EB0-43D4-9B58-59B18697430E}.Debug|Any CPU.ActiveCfg = Debug|Any CPU
		{B45E0F23-1EB0-43D4-9B58-59B18697430E}.Debug|Any CPU.Build.0 = Debug|Any CPU
		{B45E0F23-1EB0-43D4-9B58-59B18697430E}.Release|Any CPU.ActiveCfg = Release|Any CPU
		{B45E0F23-1EB0-43D4-9B58-59B18697430E}.Release|Any CPU.Build.0 = Release|Any CPU
		{CF93A3EB-5FE3-4EE2-A057-D6DC29BCA68C}.Debug|Any CPU.ActiveCfg = Debug|Any CPU
		{CF93A3EB-5FE3-4EE2-A057-D6DC29BCA68C}.Debug|Any CPU.Build.0 = Debug|Any CPU
		{CF93A3EB-5FE3-4EE2-A057-D6DC29BCA68C}.Release|Any CPU.ActiveCfg = Release|Any CPU
		{CF93A3EB-5FE3-4EE2-A057-D6DC29BCA68C}.Release|Any CPU.Build.0 = Release|Any CPU
		{F0D95B40-7DD5-4F43-89D3-A7C2B8FA4B57}.Debug|Any CPU.ActiveCfg = Debug|Any CPU
		{F0D95B40-7DD5-4F43-89D3-A7C2B8FA4B57}.Debug|Any CPU.Build.0 = Debug|Any CPU
		{F0D95B40-7DD5-4F43-89D3-A7C2B8FA4B57}.Release|Any CPU.ActiveCfg = Release|Any CPU
		{F0D95B40-7DD5-4F43-89D3-A7C2B8FA4B57}.Release|Any CPU.Build.0 = Release|Any CPU
		{31F15817-1DE7-4B13-A39D-55C95C8DDFCF}.Debug|Any CPU.ActiveCfg = Debug|Any CPU
		{31F15817-1DE7-4B13-A39D-55C95C8DDFCF}.Debug|Any CPU.Build.0 = Debug|Any CPU
		{31F15817-1DE7-4B13-A39D-55C95C8DDFCF}.Release|Any CPU.ActiveCfg = Release|Any CPU
		{31F15817-1DE7-4B13-A39D-55C95C8DDFCF}.Release|Any CPU.Build.0 = Release|Any CPU
		{ECB09677-FB73-44DF-BAF5-11B4768ABAC8}.Debug|Any CPU.ActiveCfg = Debug|Any CPU
		{ECB09677-FB73-44DF-BAF5-11B4768ABAC8}.Debug|Any CPU.Build.0 = Debug|Any CPU
		{ECB09677-FB73-44DF-BAF5-11B4768ABAC8}.Release|Any CPU.ActiveCfg = Release|Any CPU
		{ECB09677-FB73-44DF-BAF5-11B4768ABAC8}.Release|Any CPU.Build.0 = Release|Any CPU
		{57413CE9-B8BC-4753-8B99-F758D8EA2C4C}.Debug|Any CPU.ActiveCfg = Debug|Any CPU
		{57413CE9-B8BC-4753-8B99-F758D8EA2C4C}.Debug|Any CPU.Build.0 = Debug|Any CPU
		{57413CE9-B8BC-4753-8B99-F758D8EA2C4C}.Release|Any CPU.ActiveCfg = Release|Any CPU
		{57413CE9-B8BC-4753-8B99-F758D8EA2C4C}.Release|Any CPU.Build.0 = Release|Any CPU
		{F5292BA3-522D-475C-A6E7-90CD829B0DB6}.Debug|Any CPU.ActiveCfg = Debug|Any CPU
		{F5292BA3-522D-475C-A6E7-90CD829B0DB6}.Debug|Any CPU.Build.0 = Debug|Any CPU
		{F5292BA3-522D-475C-A6E7-90CD829B0DB6}.Release|Any CPU.ActiveCfg = Release|Any CPU
		{F5292BA3-522D-475C-A6E7-90CD829B0DB6}.Release|Any CPU.Build.0 = Release|Any CPU
		{95A9D188-9FDA-4DF5-9439-8584CB41886F}.Debug|Any CPU.ActiveCfg = Debug|Any CPU
		{95A9D188-9FDA-4DF5-9439-8584CB41886F}.Debug|Any CPU.Build.0 = Debug|Any CPU
		{95A9D188-9FDA-4DF5-9439-8584CB41886F}.Release|Any CPU.ActiveCfg = Release|Any CPU
		{95A9D188-9FDA-4DF5-9439-8584CB41886F}.Release|Any CPU.Build.0 = Release|Any CPU
		{EB32953E-9BE4-42F8-804F-9B2FFAD83748}.Debug|Any CPU.ActiveCfg = Debug|Any CPU
		{EB32953E-9BE4-42F8-804F-9B2FFAD83748}.Debug|Any CPU.Build.0 = Debug|Any CPU
		{EB32953E-9BE4-42F8-804F-9B2FFAD83748}.Release|Any CPU.ActiveCfg = Release|Any CPU
		{EB32953E-9BE4-42F8-804F-9B2FFAD83748}.Release|Any CPU.Build.0 = Release|Any CPU
		{FBE9D678-9AC4-465A-84EE-8A84521D8469}.Debug|Any CPU.ActiveCfg = Debug|Any CPU
		{FBE9D678-9AC4-465A-84EE-8A84521D8469}.Debug|Any CPU.Build.0 = Debug|Any CPU
		{FBE9D678-9AC4-465A-84EE-8A84521D8469}.Release|Any CPU.ActiveCfg = Release|Any CPU
		{FBE9D678-9AC4-465A-84EE-8A84521D8469}.Release|Any CPU.Build.0 = Release|Any CPU
		{2847206F-D859-44C8-A725-BD2DD1FCB133}.Debug|Any CPU.ActiveCfg = Debug|Any CPU
		{2847206F-D859-44C8-A725-BD2DD1FCB133}.Debug|Any CPU.Build.0 = Debug|Any CPU
		{2847206F-D859-44C8-A725-BD2DD1FCB133}.Release|Any CPU.ActiveCfg = Release|Any CPU
		{2847206F-D859-44C8-A725-BD2DD1FCB133}.Release|Any CPU.Build.0 = Release|Any CPU
		{E85E0B66-6577-4120-B33D-4D4A0E775C8B}.Debug|Any CPU.ActiveCfg = Debug|Any CPU
		{E85E0B66-6577-4120-B33D-4D4A0E775C8B}.Debug|Any CPU.Build.0 = Debug|Any CPU
		{E85E0B66-6577-4120-B33D-4D4A0E775C8B}.Release|Any CPU.ActiveCfg = Release|Any CPU
		{E85E0B66-6577-4120-B33D-4D4A0E775C8B}.Release|Any CPU.Build.0 = Release|Any CPU
		{20493C66-1A81-46D7-AA6A-7934C62F3597}.Debug|Any CPU.ActiveCfg = Debug|Any CPU
		{20493C66-1A81-46D7-AA6A-7934C62F3597}.Debug|Any CPU.Build.0 = Debug|Any CPU
		{20493C66-1A81-46D7-AA6A-7934C62F3597}.Release|Any CPU.ActiveCfg = Release|Any CPU
		{20493C66-1A81-46D7-AA6A-7934C62F3597}.Release|Any CPU.Build.0 = Release|Any CPU
		{14A75F18-1510-4A84-8561-30CC1ADB30DF}.Debug|Any CPU.ActiveCfg = Debug|Any CPU
		{14A75F18-1510-4A84-8561-30CC1ADB30DF}.Debug|Any CPU.Build.0 = Debug|Any CPU
		{14A75F18-1510-4A84-8561-30CC1ADB30DF}.Release|Any CPU.ActiveCfg = Release|Any CPU
		{14A75F18-1510-4A84-8561-30CC1ADB30DF}.Release|Any CPU.Build.0 = Release|Any CPU
		{C0C1C096-F237-44A1-BA22-96398E2D872A}.Debug|Any CPU.ActiveCfg = Debug|Any CPU
		{C0C1C096-F237-44A1-BA22-96398E2D872A}.Debug|Any CPU.Build.0 = Debug|Any CPU
		{C0C1C096-F237-44A1-BA22-96398E2D872A}.Release|Any CPU.ActiveCfg = Release|Any CPU
		{C0C1C096-F237-44A1-BA22-96398E2D872A}.Release|Any CPU.Build.0 = Release|Any CPU
		{1C68F6D6-01B7-4959-A1FB-23674C3D4992}.Debug|Any CPU.ActiveCfg = Debug|Any CPU
		{1C68F6D6-01B7-4959-A1FB-23674C3D4992}.Debug|Any CPU.Build.0 = Debug|Any CPU
		{1C68F6D6-01B7-4959-A1FB-23674C3D4992}.Release|Any CPU.ActiveCfg = Release|Any CPU
		{1C68F6D6-01B7-4959-A1FB-23674C3D4992}.Release|Any CPU.Build.0 = Release|Any CPU
		{BCCED789-2088-468C-91F5-AB46261BFFD6}.Debug|Any CPU.ActiveCfg = Debug|Any CPU
		{BCCED789-2088-468C-91F5-AB46261BFFD6}.Debug|Any CPU.Build.0 = Debug|Any CPU
		{BCCED789-2088-468C-91F5-AB46261BFFD6}.Release|Any CPU.ActiveCfg = Release|Any CPU
		{BCCED789-2088-468C-91F5-AB46261BFFD6}.Release|Any CPU.Build.0 = Release|Any CPU
		{8C86FF8C-92F5-4991-889D-A5FDEDAEEA54}.Debug|Any CPU.ActiveCfg = Debug|Any CPU
		{8C86FF8C-92F5-4991-889D-A5FDEDAEEA54}.Debug|Any CPU.Build.0 = Debug|Any CPU
		{8C86FF8C-92F5-4991-889D-A5FDEDAEEA54}.Release|Any CPU.ActiveCfg = Release|Any CPU
		{8C86FF8C-92F5-4991-889D-A5FDEDAEEA54}.Release|Any CPU.Build.0 = Release|Any CPU
		{4074148C-1032-42A9-9530-837A041D4B62}.Debug|Any CPU.ActiveCfg = Debug|Any CPU
		{4074148C-1032-42A9-9530-837A041D4B62}.Debug|Any CPU.Build.0 = Debug|Any CPU
		{4074148C-1032-42A9-9530-837A041D4B62}.Release|Any CPU.ActiveCfg = Release|Any CPU
		{4074148C-1032-42A9-9530-837A041D4B62}.Release|Any CPU.Build.0 = Release|Any CPU
		{4DD31FEF-30C3-4401-916C-BC5455A57F68}.Debug|Any CPU.ActiveCfg = Debug|Any CPU
		{4DD31FEF-30C3-4401-916C-BC5455A57F68}.Debug|Any CPU.Build.0 = Debug|Any CPU
		{4DD31FEF-30C3-4401-916C-BC5455A57F68}.Release|Any CPU.ActiveCfg = Release|Any CPU
		{4DD31FEF-30C3-4401-916C-BC5455A57F68}.Release|Any CPU.Build.0 = Release|Any CPU
		{2CBACAF9-8D23-411A-A8A3-78B57A3B5B00}.Debug|Any CPU.ActiveCfg = Debug|Any CPU
		{2CBACAF9-8D23-411A-A8A3-78B57A3B5B00}.Debug|Any CPU.Build.0 = Debug|Any CPU
		{2CBACAF9-8D23-411A-A8A3-78B57A3B5B00}.Release|Any CPU.ActiveCfg = Release|Any CPU
		{2CBACAF9-8D23-411A-A8A3-78B57A3B5B00}.Release|Any CPU.Build.0 = Release|Any CPU
		{AE3AAF1F-9D58-4E48-A355-5B28328229B2}.Debug|Any CPU.ActiveCfg = Debug|Any CPU
		{AE3AAF1F-9D58-4E48-A355-5B28328229B2}.Debug|Any CPU.Build.0 = Debug|Any CPU
		{AE3AAF1F-9D58-4E48-A355-5B28328229B2}.Release|Any CPU.ActiveCfg = Release|Any CPU
		{AE3AAF1F-9D58-4E48-A355-5B28328229B2}.Release|Any CPU.Build.0 = Release|Any CPU
		{28E6DDB0-6432-4487-B436-FA54E7CD6BE8}.Debug|Any CPU.ActiveCfg = Debug|Any CPU
		{28E6DDB0-6432-4487-B436-FA54E7CD6BE8}.Debug|Any CPU.Build.0 = Debug|Any CPU
		{28E6DDB0-6432-4487-B436-FA54E7CD6BE8}.Release|Any CPU.ActiveCfg = Release|Any CPU
		{28E6DDB0-6432-4487-B436-FA54E7CD6BE8}.Release|Any CPU.Build.0 = Release|Any CPU
		{05E80786-3112-4992-A192-403899E289B7}.Debug|Any CPU.ActiveCfg = Debug|Any CPU
		{05E80786-3112-4992-A192-403899E289B7}.Debug|Any CPU.Build.0 = Debug|Any CPU
		{05E80786-3112-4992-A192-403899E289B7}.Release|Any CPU.ActiveCfg = Release|Any CPU
		{05E80786-3112-4992-A192-403899E289B7}.Release|Any CPU.Build.0 = Release|Any CPU
		{2AB7B1BD-EE46-48EA-8D8E-3EE74D013B99}.Debug|Any CPU.ActiveCfg = Debug|Any CPU
		{2AB7B1BD-EE46-48EA-8D8E-3EE74D013B99}.Debug|Any CPU.Build.0 = Debug|Any CPU
		{2AB7B1BD-EE46-48EA-8D8E-3EE74D013B99}.Release|Any CPU.ActiveCfg = Release|Any CPU
		{2AB7B1BD-EE46-48EA-8D8E-3EE74D013B99}.Release|Any CPU.Build.0 = Release|Any CPU
		{00EA38B0-5B4D-4B7E-8A27-462678CA2B73}.Debug|Any CPU.ActiveCfg = Debug|Any CPU
		{00EA38B0-5B4D-4B7E-8A27-462678CA2B73}.Debug|Any CPU.Build.0 = Debug|Any CPU
		{00EA38B0-5B4D-4B7E-8A27-462678CA2B73}.Release|Any CPU.ActiveCfg = Release|Any CPU
		{00EA38B0-5B4D-4B7E-8A27-462678CA2B73}.Release|Any CPU.Build.0 = Release|Any CPU
		{D3DAF335-D898-48E5-81F2-8CF501ECBB48}.Debug|Any CPU.ActiveCfg = Debug|Any CPU
		{D3DAF335-D898-48E5-81F2-8CF501ECBB48}.Debug|Any CPU.Build.0 = Debug|Any CPU
		{D3DAF335-D898-48E5-81F2-8CF501ECBB48}.Release|Any CPU.ActiveCfg = Release|Any CPU
		{D3DAF335-D898-48E5-81F2-8CF501ECBB48}.Release|Any CPU.Build.0 = Release|Any CPU
		{986075A8-2ED4-4BC3-BADA-51ECE2525CDC}.Debug|Any CPU.ActiveCfg = Debug|Any CPU
		{986075A8-2ED4-4BC3-BADA-51ECE2525CDC}.Debug|Any CPU.Build.0 = Debug|Any CPU
		{986075A8-2ED4-4BC3-BADA-51ECE2525CDC}.Release|Any CPU.ActiveCfg = Release|Any CPU
		{986075A8-2ED4-4BC3-BADA-51ECE2525CDC}.Release|Any CPU.Build.0 = Release|Any CPU
		{3729AC22-B8EC-4434-B29B-1E9D31B4F382}.Debug|Any CPU.ActiveCfg = Debug|Any CPU
		{3729AC22-B8EC-4434-B29B-1E9D31B4F382}.Debug|Any CPU.Build.0 = Debug|Any CPU
		{3729AC22-B8EC-4434-B29B-1E9D31B4F382}.Release|Any CPU.ActiveCfg = Release|Any CPU
		{3729AC22-B8EC-4434-B29B-1E9D31B4F382}.Release|Any CPU.Build.0 = Release|Any CPU
		{99BB42A7-A7D2-4CDD-92A0-D56273679D39}.Debug|Any CPU.ActiveCfg = Debug|Any CPU
		{99BB42A7-A7D2-4CDD-92A0-D56273679D39}.Debug|Any CPU.Build.0 = Debug|Any CPU
		{99BB42A7-A7D2-4CDD-92A0-D56273679D39}.Release|Any CPU.ActiveCfg = Release|Any CPU
		{99BB42A7-A7D2-4CDD-92A0-D56273679D39}.Release|Any CPU.Build.0 = Release|Any CPU
		{6FE0B1C3-2424-4B4C-9760-DF081A58EF7C}.Debug|Any CPU.ActiveCfg = Debug|Any CPU
		{6FE0B1C3-2424-4B4C-9760-DF081A58EF7C}.Debug|Any CPU.Build.0 = Debug|Any CPU
		{6FE0B1C3-2424-4B4C-9760-DF081A58EF7C}.Release|Any CPU.ActiveCfg = Release|Any CPU
		{6FE0B1C3-2424-4B4C-9760-DF081A58EF7C}.Release|Any CPU.Build.0 = Release|Any CPU
		{407C82D5-CA69-4B13-8766-BD6D70814CD2}.Debug|Any CPU.ActiveCfg = Debug|Any CPU
		{407C82D5-CA69-4B13-8766-BD6D70814CD2}.Debug|Any CPU.Build.0 = Debug|Any CPU
		{407C82D5-CA69-4B13-8766-BD6D70814CD2}.Release|Any CPU.ActiveCfg = Release|Any CPU
		{407C82D5-CA69-4B13-8766-BD6D70814CD2}.Release|Any CPU.Build.0 = Release|Any CPU
		{4D58559A-3480-43A6-86C2-8A464618041F}.Debug|Any CPU.ActiveCfg = Debug|Any CPU
		{4D58559A-3480-43A6-86C2-8A464618041F}.Debug|Any CPU.Build.0 = Debug|Any CPU
		{4D58559A-3480-43A6-86C2-8A464618041F}.Release|Any CPU.ActiveCfg = Release|Any CPU
		{4D58559A-3480-43A6-86C2-8A464618041F}.Release|Any CPU.Build.0 = Release|Any CPU
		{CA444FE0-89A2-489E-B835-5AE24E3D2F15}.Debug|Any CPU.ActiveCfg = Debug|Any CPU
		{CA444FE0-89A2-489E-B835-5AE24E3D2F15}.Debug|Any CPU.Build.0 = Debug|Any CPU
		{CA444FE0-89A2-489E-B835-5AE24E3D2F15}.Release|Any CPU.ActiveCfg = Release|Any CPU
		{CA444FE0-89A2-489E-B835-5AE24E3D2F15}.Release|Any CPU.Build.0 = Release|Any CPU
		{A2D2AFC2-591E-4CB0-A210-1C346342094F}.Debug|Any CPU.ActiveCfg = Debug|Any CPU
		{A2D2AFC2-591E-4CB0-A210-1C346342094F}.Debug|Any CPU.Build.0 = Debug|Any CPU
		{A2D2AFC2-591E-4CB0-A210-1C346342094F}.Release|Any CPU.ActiveCfg = Release|Any CPU
		{A2D2AFC2-591E-4CB0-A210-1C346342094F}.Release|Any CPU.Build.0 = Release|Any CPU
	EndGlobalSection
	GlobalSection(SolutionProperties) = preSolution
		HideSolutionNode = FALSE
	EndGlobalSection
	GlobalSection(NestedProjects) = preSolution
		{FD62EEBE-46D6-4F0E-8592-A4C357F63BD2} = {8E2EA79A-4CE2-4E5F-8A38-5497905AAAB5}
		{BD9CFCFB-E175-418B-974C-727512DDB969} = {5249378F-13DA-4AB7-81D1-42FE90AE558E}
		{3BD1931D-8682-4220-B552-6B10B4B926B8} = {5249378F-13DA-4AB7-81D1-42FE90AE558E}
		{20536872-46F0-4B29-9D33-50C675978FEA} = {8E2EA79A-4CE2-4E5F-8A38-5497905AAAB5}
		{467B69B0-9482-469D-A7FA-64697792FD91} = {20536872-46F0-4B29-9D33-50C675978FEA}
		{C4FDF3DF-E587-4C0C-8D11-C82DC7AFE3E9} = {20536872-46F0-4B29-9D33-50C675978FEA}
		{6579A165-739E-4D66-9BC4-70947D56C333} = {5249378F-13DA-4AB7-81D1-42FE90AE558E}
		{D223E623-C353-412D-9AF3-E12389EAF64B} = {FD62EEBE-46D6-4F0E-8592-A4C357F63BD2}
		{E4CFED05-DC44-4738-B3B2-CB07A6C9BFC2} = {FD62EEBE-46D6-4F0E-8592-A4C357F63BD2}
		{6B164D74-FF0D-4B0E-911E-CC28E0C4BABF} = {FD62EEBE-46D6-4F0E-8592-A4C357F63BD2}
		{A7EE8BC6-963E-442A-87A4-AFCF51102CFF} = {FD62EEBE-46D6-4F0E-8592-A4C357F63BD2}
		{5249378F-13DA-4AB7-81D1-42FE90AE558E} = {8E2EA79A-4CE2-4E5F-8A38-5497905AAAB5}
		{4A9520A2-217B-4F2C-BAAB-D496BC448759} = {5249378F-13DA-4AB7-81D1-42FE90AE558E}
		{DFEC623C-EB45-4ECB-B668-57E79AD8CD3B} = {4A9520A2-217B-4F2C-BAAB-D496BC448759}
		{10AC3601-9A98-46CA-8B0E-90731583149D} = {4A9520A2-217B-4F2C-BAAB-D496BC448759}
		{A3A1DD1B-FAA6-45D5-AF5A-01F6CA17488C} = {4A9520A2-217B-4F2C-BAAB-D496BC448759}
		{07142A57-8BAE-4F84-A757-789CA03FD061} = {5249378F-13DA-4AB7-81D1-42FE90AE558E}
		{6B6B06EB-8226-4198-8FC7-F1E0FA7E1718} = {07142A57-8BAE-4F84-A757-789CA03FD061}
		{B45E0F23-1EB0-43D4-9B58-59B18697430E} = {4A9520A2-217B-4F2C-BAAB-D496BC448759}
		{CF93A3EB-5FE3-4EE2-A057-D6DC29BCA68C} = {07142A57-8BAE-4F84-A757-789CA03FD061}
		{F0D95B40-7DD5-4F43-89D3-A7C2B8FA4B57} = {07142A57-8BAE-4F84-A757-789CA03FD061}
		{31F15817-1DE7-4B13-A39D-55C95C8DDFCF} = {07142A57-8BAE-4F84-A757-789CA03FD061}
		{ECB09677-FB73-44DF-BAF5-11B4768ABAC8} = {BD9CFCFB-E175-418B-974C-727512DDB969}
		{57413CE9-B8BC-4753-8B99-F758D8EA2C4C} = {BD9CFCFB-E175-418B-974C-727512DDB969}
		{F5292BA3-522D-475C-A6E7-90CD829B0DB6} = {BD9CFCFB-E175-418B-974C-727512DDB969}
		{95A9D188-9FDA-4DF5-9439-8584CB41886F} = {BD9CFCFB-E175-418B-974C-727512DDB969}
		{EB32953E-9BE4-42F8-804F-9B2FFAD83748} = {3BD1931D-8682-4220-B552-6B10B4B926B8}
		{FBE9D678-9AC4-465A-84EE-8A84521D8469} = {3BD1931D-8682-4220-B552-6B10B4B926B8}
		{2847206F-D859-44C8-A725-BD2DD1FCB133} = {3BD1931D-8682-4220-B552-6B10B4B926B8}
		{E85E0B66-6577-4120-B33D-4D4A0E775C8B} = {3BD1931D-8682-4220-B552-6B10B4B926B8}
		{20493C66-1A81-46D7-AA6A-7934C62F3597} = {6579A165-739E-4D66-9BC4-70947D56C333}
		{14A75F18-1510-4A84-8561-30CC1ADB30DF} = {6579A165-739E-4D66-9BC4-70947D56C333}
		{C0C1C096-F237-44A1-BA22-96398E2D872A} = {6579A165-739E-4D66-9BC4-70947D56C333}
		{1C68F6D6-01B7-4959-A1FB-23674C3D4992} = {6579A165-739E-4D66-9BC4-70947D56C333}
		{BCCED789-2088-468C-91F5-AB46261BFFD6} = {20536872-46F0-4B29-9D33-50C675978FEA}
		{4B8C8968-C97F-4A15-87D1-557F4225929F} = {8E2EA79A-4CE2-4E5F-8A38-5497905AAAB5}
		{8C86FF8C-92F5-4991-889D-A5FDEDAEEA54} = {4B8C8968-C97F-4A15-87D1-557F4225929F}
		{4074148C-1032-42A9-9530-837A041D4B62} = {4B8C8968-C97F-4A15-87D1-557F4225929F}
		{4DD31FEF-30C3-4401-916C-BC5455A57F68} = {4B8C8968-C97F-4A15-87D1-557F4225929F}
		{2CBACAF9-8D23-411A-A8A3-78B57A3B5B00} = {20536872-46F0-4B29-9D33-50C675978FEA}
		{AE3AAF1F-9D58-4E48-A355-5B28328229B2} = {4A9520A2-217B-4F2C-BAAB-D496BC448759}
		{28E6DDB0-6432-4487-B436-FA54E7CD6BE8} = {BD9CFCFB-E175-418B-974C-727512DDB969}
		{05E80786-3112-4992-A192-403899E289B7} = {BD9CFCFB-E175-418B-974C-727512DDB969}
		{2AB7B1BD-EE46-48EA-8D8E-3EE74D013B99} = {3BD1931D-8682-4220-B552-6B10B4B926B8}
		{00EA38B0-5B4D-4B7E-8A27-462678CA2B73} = {3BD1931D-8682-4220-B552-6B10B4B926B8}
		{D3DAF335-D898-48E5-81F2-8CF501ECBB48} = {6579A165-739E-4D66-9BC4-70947D56C333}
		{D5C74DA3-1D80-47D9-9A74-ADE67F3687E1} = {5249378F-13DA-4AB7-81D1-42FE90AE558E}
		{986075A8-2ED4-4BC3-BADA-51ECE2525CDC} = {D5C74DA3-1D80-47D9-9A74-ADE67F3687E1}
		{3729AC22-B8EC-4434-B29B-1E9D31B4F382} = {D5C74DA3-1D80-47D9-9A74-ADE67F3687E1}
		{C8172C79-33F6-46B7-9422-CC394D25C38B} = {5249378F-13DA-4AB7-81D1-42FE90AE558E}
		{99BB42A7-A7D2-4CDD-92A0-D56273679D39} = {C8172C79-33F6-46B7-9422-CC394D25C38B}
		{6FE0B1C3-2424-4B4C-9760-DF081A58EF7C} = {C8172C79-33F6-46B7-9422-CC394D25C38B}
		{407C82D5-CA69-4B13-8766-BD6D70814CD2} = {C8172C79-33F6-46B7-9422-CC394D25C38B}
		{4D58559A-3480-43A6-86C2-8A464618041F} = {C8172C79-33F6-46B7-9422-CC394D25C38B}
		{CA444FE0-89A2-489E-B835-5AE24E3D2F15} = {20536872-46F0-4B29-9D33-50C675978FEA}
		{EB9A3BD8-02A2-423C-BA40-346AE7BEC539} = {5249378F-13DA-4AB7-81D1-42FE90AE558E}
		{A2D2AFC2-591E-4CB0-A210-1C346342094F} = {EB9A3BD8-02A2-423C-BA40-346AE7BEC539}
	EndGlobalSection
	GlobalSection(ExtensibilityGlobals) = postSolution
		SolutionGuid = {B7A97444-E857-443B-AF2E-1BC3AAE4D6BA}
	EndGlobalSection
EndGlobal
