
Microsoft Visual Studio Solution File, Format Version 12.00
# Visual Studio Version 17
VisualStudioVersion = 17.1.32421.90
MinimumVisualStudioVersion = 10.0.40219.1
Project("{2150E333-8FDC-42A3-9474-1A3956D46DE8}") = "Gateway", "Gateway", "{44502D52-80A1-474D-8FA1-79D3B0692FC0}"
EndProject
Project("{2150E333-8FDC-42A3-9474-1A3956D46DE8}") = "Order", "Order", "{FD62EEBE-46D6-4F0E-8592-A4C357F63BD2}"
EndProject
Project("{2150E333-8FDC-42A3-9474-1A3956D46DE8}") = "Shipment", "Shipment", "{BD9CFCFB-E175-418B-974C-727512DDB969}"
EndProject
Project("{2150E333-8FDC-42A3-9474-1A3956D46DE8}") = "Delivery", "Delivery", "{3BD1931D-8682-4220-B552-6B10B4B926B8}"
EndProject
Project("{2150E333-8FDC-42A3-9474-1A3956D46DE8}") = "Core", "Core", "{20536872-46F0-4B29-9D33-50C675978FEA}"
EndProject
Project("{9A19103F-16F7-4668-BE54-9A1E7A4F7556}") = "Core.Domain", "src\Core\Core.Domain\Core.Domain.csproj", "{467B69B0-9482-469D-A7FA-64697792FD91}"
EndProject
Project("{9A19103F-16F7-4668-BE54-9A1E7A4F7556}") = "Core.Application", "src\Core\Core.Application\Core.Application.csproj", "{C4FDF3DF-E587-4C0C-8D11-C82DC7AFE3E9}"
EndProject
Project("{2150E333-8FDC-42A3-9474-1A3956D46DE8}") = "Payment", "Payment", "{6579A165-739E-4D66-9BC4-70947D56C333}"
EndProject
Project("{2150E333-8FDC-42A3-9474-1A3956D46DE8}") = "src", "src", "{8E2EA79A-4CE2-4E5F-8A38-5497905AAAB5}"
EndProject
Project("{FAE04EC0-301F-11D3-BF4B-00C04F79EFBC}") = "Order.API", "src\Order\Order.API\Order.API.csproj", "{D223E623-C353-412D-9AF3-E12389EAF64B}"
EndProject
Project("{FAE04EC0-301F-11D3-BF4B-00C04F79EFBC}") = "Order.Application", "src\Order\Order.Application\Order.Application.csproj", "{E4CFED05-DC44-4738-B3B2-CB07A6C9BFC2}"
EndProject
Project("{FAE04EC0-301F-11D3-BF4B-00C04F79EFBC}") = "Order.Domain", "src\Order\Order.Domain\Order.Domain.csproj", "{6B164D74-FF0D-4B0E-911E-CC28E0C4BABF}"
EndProject
Project("{FAE04EC0-301F-11D3-BF4B-00C04F79EFBC}") = "Order.Infrastructure", "src\Order\Order.Infrastructure\Order.Infrastructure.csproj", "{A7EE8BC6-963E-442A-87A4-AFCF51102CFF}"
EndProject
Project("{2150E333-8FDC-42A3-9474-1A3956D46DE8}") = "Services", "Services", "{5249378F-13DA-4AB7-81D1-42FE90AE558E}"
EndProject
Project("{2150E333-8FDC-42A3-9474-1A3956D46DE8}") = "Order", "Order", "{4A9520A2-217B-4F2C-BAAB-D496BC448759}"
EndProject
Global
	GlobalSection(SolutionConfigurationPlatforms) = preSolution
		Debug|Any CPU = Debug|Any CPU
		Release|Any CPU = Release|Any CPU
	EndGlobalSection
	GlobalSection(ProjectConfigurationPlatforms) = postSolution
		{467B69B0-9482-469D-A7FA-64697792FD91}.Debug|Any CPU.ActiveCfg = Debug|Any CPU
		{467B69B0-9482-469D-A7FA-64697792FD91}.Debug|Any CPU.Build.0 = Debug|Any CPU
		{467B69B0-9482-469D-A7FA-64697792FD91}.Release|Any CPU.ActiveCfg = Release|Any CPU
		{467B69B0-9482-469D-A7FA-64697792FD91}.Release|Any CPU.Build.0 = Release|Any CPU
		{C4FDF3DF-E587-4C0C-8D11-C82DC7AFE3E9}.Debug|Any CPU.ActiveCfg = Debug|Any CPU
		{C4FDF3DF-E587-4C0C-8D11-C82DC7AFE3E9}.Debug|Any CPU.Build.0 = Debug|Any CPU
		{C4FDF3DF-E587-4C0C-8D11-C82DC7AFE3E9}.Release|Any CPU.ActiveCfg = Release|Any CPU
		{C4FDF3DF-E587-4C0C-8D11-C82DC7AFE3E9}.Release|Any CPU.Build.0 = Release|Any CPU
		{D223E623-C353-412D-9AF3-E12389EAF64B}.Debug|Any CPU.ActiveCfg = Debug|Any CPU
		{D223E623-C353-412D-9AF3-E12389EAF64B}.Debug|Any CPU.Build.0 = Debug|Any CPU
		{D223E623-C353-412D-9AF3-E12389EAF64B}.Release|Any CPU.ActiveCfg = Release|Any CPU
		{D223E623-C353-412D-9AF3-E12389EAF64B}.Release|Any CPU.Build.0 = Release|Any CPU
		{E4CFED05-DC44-4738-B3B2-CB07A6C9BFC2}.Debug|Any CPU.ActiveCfg = Debug|Any CPU
		{E4CFED05-DC44-4738-B3B2-CB07A6C9BFC2}.Debug|Any CPU.Build.0 = Debug|Any CPU
		{E4CFED05-DC44-4738-B3B2-CB07A6C9BFC2}.Release|Any CPU.ActiveCfg = Release|Any CPU
		{E4CFED05-DC44-4738-B3B2-CB07A6C9BFC2}.Release|Any CPU.Build.0 = Release|Any CPU
		{6B164D74-FF0D-4B0E-911E-CC28E0C4BABF}.Debug|Any CPU.ActiveCfg = Debug|Any CPU
		{6B164D74-FF0D-4B0E-911E-CC28E0C4BABF}.Debug|Any CPU.Build.0 = Debug|Any CPU
		{6B164D74-FF0D-4B0E-911E-CC28E0C4BABF}.Release|Any CPU.ActiveCfg = Release|Any CPU
		{6B164D74-FF0D-4B0E-911E-CC28E0C4BABF}.Release|Any CPU.Build.0 = Release|Any CPU
		{A7EE8BC6-963E-442A-87A4-AFCF51102CFF}.Debug|Any CPU.ActiveCfg = Debug|Any CPU
		{A7EE8BC6-963E-442A-87A4-AFCF51102CFF}.Debug|Any CPU.Build.0 = Debug|Any CPU
		{A7EE8BC6-963E-442A-87A4-AFCF51102CFF}.Release|Any CPU.ActiveCfg = Release|Any CPU
		{A7EE8BC6-963E-442A-87A4-AFCF51102CFF}.Release|Any CPU.Build.0 = Release|Any CPU
	EndGlobalSection
	GlobalSection(SolutionProperties) = preSolution
		HideSolutionNode = FALSE
	EndGlobalSection
	GlobalSection(NestedProjects) = preSolution
		{FD62EEBE-46D6-4F0E-8592-A4C357F63BD2} = {8E2EA79A-4CE2-4E5F-8A38-5497905AAAB5}
		{BD9CFCFB-E175-418B-974C-727512DDB969} = {5249378F-13DA-4AB7-81D1-42FE90AE558E}
		{3BD1931D-8682-4220-B552-6B10B4B926B8} = {5249378F-13DA-4AB7-81D1-42FE90AE558E}
		{20536872-46F0-4B29-9D33-50C675978FEA} = {8E2EA79A-4CE2-4E5F-8A38-5497905AAAB5}
		{467B69B0-9482-469D-A7FA-64697792FD91} = {20536872-46F0-4B29-9D33-50C675978FEA}
		{C4FDF3DF-E587-4C0C-8D11-C82DC7AFE3E9} = {20536872-46F0-4B29-9D33-50C675978FEA}
		{6579A165-739E-4D66-9BC4-70947D56C333} = {5249378F-13DA-4AB7-81D1-42FE90AE558E}
		{D223E623-C353-412D-9AF3-E12389EAF64B} = {FD62EEBE-46D6-4F0E-8592-A4C357F63BD2}
		{E4CFED05-DC44-4738-B3B2-CB07A6C9BFC2} = {FD62EEBE-46D6-4F0E-8592-A4C357F63BD2}
		{6B164D74-FF0D-4B0E-911E-CC28E0C4BABF} = {FD62EEBE-46D6-4F0E-8592-A4C357F63BD2}
		{A7EE8BC6-963E-442A-87A4-AFCF51102CFF} = {FD62EEBE-46D6-4F0E-8592-A4C357F63BD2}
		{5249378F-13DA-4AB7-81D1-42FE90AE558E} = {8E2EA79A-4CE2-4E5F-8A38-5497905AAAB5}
		{4A9520A2-217B-4F2C-BAAB-D496BC448759} = {5249378F-13DA-4AB7-81D1-42FE90AE558E}
	EndGlobalSection
	GlobalSection(ExtensibilityGlobals) = postSolution
		SolutionGuid = {B7A97444-E857-443B-AF2E-1BC3AAE4D6BA}
	EndGlobalSection
EndGlobal
